// !$*UTF8*$!
{
	archiveVersion = 1;
	classes = {
	};
	objectVersion = 50;
	objects = {

/* Begin PBXBuildFile section */
		ADBDC25C23E9439F00D6885D /* AppDelegate.m in Sources */ = {isa = PBXBuildFile; fileRef = ADBDC25B23E9439F00D6885D /* AppDelegate.m */; };
		ADBDC25F23E9439F00D6885D /* ViewController.m in Sources */ = {isa = PBXBuildFile; fileRef = ADBDC25E23E9439F00D6885D /* ViewController.m */; };
		ADBDC26123E943A000D6885D /* Assets.xcassets in Resources */ = {isa = PBXBuildFile; fileRef = ADBDC26023E943A000D6885D /* Assets.xcassets */; };
		ADBDC26423E943A000D6885D /* Main.storyboard in Resources */ = {isa = PBXBuildFile; fileRef = ADBDC26223E943A000D6885D /* Main.storyboard */; };
		ADBDC26723E943A000D6885D /* main.m in Sources */ = {isa = PBXBuildFile; fileRef = ADBDC26623E943A000D6885D /* main.m */; };
/* End PBXBuildFile section */

/* Begin PBXFileReference section */
		ADBDC25723E9439F00D6885D /* HelloPages.app */ = {isa = PBXFileReference; explicitFileType = wrapper.application; includeInIndex = 0; path = HelloPages.app; sourceTree = BUILT_PRODUCTS_DIR; };
		ADBDC25A23E9439F00D6885D /* AppDelegate.h */ = {isa = PBXFileReference; lastKnownFileType = sourcecode.c.h; path = AppDelegate.h; sourceTree = "<group>"; };
		ADBDC25B23E9439F00D6885D /* AppDelegate.m */ = {isa = PBXFileReference; lastKnownFileType = sourcecode.c.objc; path = AppDelegate.m; sourceTree = "<group>"; };
		ADBDC25D23E9439F00D6885D /* ViewController.h */ = {isa = PBXFileReference; lastKnownFileType = sourcecode.c.h; path = ViewController.h; sourceTree = "<group>"; };
		ADBDC25E23E9439F00D6885D /* ViewController.m */ = {isa = PBXFileReference; lastKnownFileType = sourcecode.c.objc; path = ViewController.m; sourceTree = "<group>"; };
		ADBDC26023E943A000D6885D /* Assets.xcassets */ = {isa = PBXFileReference; lastKnownFileType = folder.assetcatalog; path = Assets.xcassets; sourceTree = "<group>"; };
		ADBDC26323E943A000D6885D /* Base */ = {isa = PBXFileReference; lastKnownFileType = file.storyboard; name = Base; path = Base.lproj/Main.storyboard; sourceTree = "<group>"; };
		ADBDC26523E943A000D6885D /* Info.plist */ = {isa = PBXFileReference; lastKnownFileType = text.plist.xml; path = Info.plist; sourceTree = "<group>"; };
		ADBDC26623E943A000D6885D /* main.m */ = {isa = PBXFileReference; lastKnownFileType = sourcecode.c.objc; path = main.m; sourceTree = "<group>"; };
		ADBDC26823E943A000D6885D /* HelloPages.entitlements */ = {isa = PBXFileReference; lastKnownFileType = text.plist.entitlements; path = HelloPages.entitlements; sourceTree = "<group>"; };
/* End PBXFileReference section */

/* Begin PBXFrameworksBuildPhase section */
		ADBDC25423E9439F00D6885D /* Frameworks */ = {
			isa = PBXFrameworksBuildPhase;
			buildActionMask = 2147483647;
			files = (
			);
			runOnlyForDeploymentPostprocessing = 0;
		};
/* End PBXFrameworksBuildPhase section */

/* Begin PBXGroup section */
		ADBDC24E23E9439F00D6885D = {
			isa = PBXGroup;
			children = (
				ADBDC25923E9439F00D6885D /* HelloPages */,
				ADBDC25823E9439F00D6885D /* Products */,
			);
			sourceTree = "<group>";
		};
		ADBDC25823E9439F00D6885D /* Products */ = {
			isa = PBXGroup;
			children = (
				ADBDC25723E9439F00D6885D /* HelloPages.app */,
			);
			name = Products;
			sourceTree = "<group>";
		};
		ADBDC25923E9439F00D6885D /* HelloPages */ = {
			isa = PBXGroup;
			children = (
				ADBDC25A23E9439F00D6885D /* AppDelegate.h */,
				ADBDC25B23E9439F00D6885D /* AppDelegate.m */,
				ADBDC25D23E9439F00D6885D /* ViewController.h */,
				ADBDC25E23E9439F00D6885D /* ViewController.m */,
				ADBDC26023E943A000D6885D /* Assets.xcassets */,
				ADBDC26223E943A000D6885D /* Main.storyboard */,
				ADBDC26523E943A000D6885D /* Info.plist */,
				ADBDC26623E943A000D6885D /* main.m */,
				ADBDC26823E943A000D6885D /* HelloPages.entitlements */,
			);
			path = HelloPages;
			sourceTree = "<group>";
		};
/* End PBXGroup section */

/* Begin PBXNativeTarget section */
		ADBDC25623E9439F00D6885D /* HelloPages */ = {
			isa = PBXNativeTarget;
			buildConfigurationList = ADBDC26B23E943A000D6885D /* Build configuration list for PBXNativeTarget "HelloPages" */;
			buildPhases = (
				ADBDC25323E9439F00D6885D /* Sources */,
				ADBDC25423E9439F00D6885D /* Frameworks */,
				ADBDC25523E9439F00D6885D /* Resources */,
			);
			buildRules = (
			);
			dependencies = (
			);
			name = HelloPages;
			productName = HelloPages;
			productReference = ADBDC25723E9439F00D6885D /* HelloPages.app */;
			productType = "com.apple.product-type.application";
		};
/* End PBXNativeTarget section */

/* Begin PBXProject section */
		ADBDC24F23E9439F00D6885D /* Project object */ = {
			isa = PBXProject;
			attributes = {
				LastUpgradeCheck = 1110;
				ORGANIZATIONNAME = git088;
				TargetAttributes = {
					ADBDC25623E9439F00D6885D = {
						CreatedOnToolsVersion = 11.1;
					};
				};
			};
			buildConfigurationList = ADBDC25223E9439F00D6885D /* Build configuration list for PBXProject "HelloPages" */;
			compatibilityVersion = "Xcode 9.3";
			developmentRegion = en;
			hasScannedForEncodings = 0;
			knownRegions = (
				en,
				Base,
			);
			mainGroup = ADBDC24E23E9439F00D6885D;
			productRefGroup = ADBDC25823E9439F00D6885D /* Products */;
			projectDirPath = "";
			projectRoot = "";
			targets = (
				ADBDC25623E9439F00D6885D /* HelloPages */,
			);
		};
/* End PBXProject section */

/* Begin PBXResourcesBuildPhase section */
		ADBDC25523E9439F00D6885D /* Resources */ = {
			isa = PBXResourcesBuildPhase;
			buildActionMask = 2147483647;
			files = (
				ADBDC26123E943A000D6885D /* Assets.xcassets in Resources */,
				ADBDC26423E943A000D6885D /* Main.storyboard in Resources */,
			);
			runOnlyForDeploymentPostprocessing = 0;
		};
/* End PBXResourcesBuildPhase section */

/* Begin PBXSourcesBuildPhase section */
		ADBDC25323E9439F00D6885D /* Sources */ = {
			isa = PBXSourcesBuildPhase;
			buildActionMask = 2147483647;
			files = (
				ADBDC25F23E9439F00D6885D /* ViewController.m in Sources */,
				ADBDC26723E943A000D6885D /* main.m in Sources */,
				ADBDC25C23E9439F00D6885D /* AppDelegate.m in Sources */,
			);
			runOnlyForDeploymentPostprocessing = 0;
		};
/* End PBXSourcesBuildPhase section */

/* Begin PBXVariantGroup section */
		ADBDC26223E943A000D6885D /* Main.storyboard */ = {
			isa = PBXVariantGroup;
			children = (
				ADBDC26323E943A000D6885D /* Base */,
			);
			name = Main.storyboard;
			sourceTree = "<group>";
		};
/* End PBXVariantGroup section */

/* Begin XCBuildConfiguration section */
		ADBDC26923E943A000D6885D /* Debug */ = {
			isa = XCBuildConfiguration;
			buildSettings = {
				ALWAYS_SEARCH_USER_PATHS = NO;
				CLANG_ANALYZER_NONNULL = YES;
				CLANG_ANALYZER_NUMBER_OBJECT_CONVERSION = YES_AGGRESSIVE;
				CLANG_CXX_LANGUAGE_STANDARD = "gnu++14";
				CLANG_CXX_LIBRARY = "libc++";
				CLANG_ENABLE_MODULES = YES;
				CLANG_ENABLE_OBJC_ARC = YES;
				CLANG_ENABLE_OBJC_WEAK = YES;
				CLANG_WARN_BLOCK_CAPTURE_AUTORELEASING = YES;
				CLANG_WARN_BOOL_CONVERSION = YES;
				CLANG_WARN_COMMA = YES;
				CLANG_WARN_CONSTANT_CONVERSION = YES;
				CLANG_WARN_DEPRECATED_OBJC_IMPLEMENTATIONS = YES;
				CLANG_WARN_DIRECT_OBJC_ISA_USAGE = YES_ERROR;
				CLANG_WARN_DOCUMENTATION_COMMENTS = YES;
				CLANG_WARN_EMPTY_BODY = YES;
				CLANG_WARN_ENUM_CONVERSION = YES;
				CLANG_WARN_INFINITE_RECURSION = YES;
				CLANG_WARN_INT_CONVERSION = YES;
				CLANG_WARN_NON_LITERAL_NULL_CONVERSION = YES;
				CLANG_WARN_OBJC_IMPLICIT_RETAIN_SELF = YES;
				CLANG_WARN_OBJC_LITERAL_CONVERSION = YES;
				CLANG_WARN_OBJC_ROOT_CLASS = YES_ERROR;
				CLANG_WARN_RANGE_LOOP_ANALYSIS = YES;
				CLANG_WARN_STRICT_PROTOTYPES = YES;
				CLANG_WARN_SUSPICIOUS_MOVE = YES;
				CLANG_WARN_UNGUARDED_AVAILABILITY = YES_AGGRESSIVE;
				CLANG_WARN_UNREACHABLE_CODE = YES;
				CLANG_WARN__DUPLICATE_METHOD_MATCH = YES;
				COPY_PHASE_STRIP = NO;
				DEBUG_INFORMATION_FORMAT = dwarf;
				ENABLE_STRICT_OBJC_MSGSEND = YES;
				ENABLE_TESTABILITY = YES;
				GCC_C_LANGUAGE_STANDARD = gnu11;
				GCC_DYNAMIC_NO_PIC = NO;
				GCC_NO_COMMON_BLOCKS = YES;
				GCC_OPTIMIZATION_LEVEL = 0;
				GCC_PREPROCESSOR_DEFINITIONS = (
					"DEBUG=1",
					"$(inherited)",
				);
				GCC_WARN_64_TO_32_BIT_CONVERSION = YES;
				GCC_WARN_ABOUT_RETURN_TYPE = YES_ERROR;
				GCC_WARN_UNDECLARED_SELECTOR = YES;
				GCC_WARN_UNINITIALIZED_AUTOS = YES_AGGRESSIVE;
				GCC_WARN_UNUSED_FUNCTION = YES;
				GCC_WARN_UNUSED_VARIABLE = YES;
				MACOSX_DEPLOYMENT_TARGET = 10.14;
				MTL_ENABLE_DEBUG_INFO = INCLUDE_SOURCE;
				MTL_FAST_MATH = YES;
				ONLY_ACTIVE_ARCH = YES;
				SDKROOT = macosx;
			};
			name = Debug;
		};
		ADBDC26A23E943A000D6885D /* Release */ = {
			isa = XCBuildConfiguration;
			buildSettings = {
				ALWAYS_SEARCH_USER_PATHS = NO;
				CLANG_ANALYZER_NONNULL = YES;
				CLANG_ANALYZER_NUMBER_OBJECT_CONVERSION = YES_AGGRESSIVE;
				CLANG_CXX_LANGUAGE_STANDARD = "gnu++14";
				CLANG_CXX_LIBRARY = "libc++";
				CLANG_ENABLE_MODULES = YES;
				CLANG_ENABLE_OBJC_ARC = YES;
				CLANG_ENABLE_OBJC_WEAK = YES;
				CLANG_WARN_BLOCK_CAPTURE_AUTORELEASING = YES;
				CLANG_WARN_BOOL_CONVERSION = YES;
				CLANG_WARN_COMMA = YES;
				CLANG_WARN_CONSTANT_CONVERSION = YES;
				CLANG_WARN_DEPRECATED_OBJC_IMPLEMENTATIONS = YES;
				CLANG_WARN_DIRECT_OBJC_ISA_USAGE = YES_ERROR;
				CLANG_WARN_DOCUMENTATION_COMMENTS = YES;
				CLANG_WARN_EMPTY_BODY = YES;
				CLANG_WARN_ENUM_CONVERSION = YES;
				CLANG_WARN_INFINITE_RECURSION = YES;
				CLANG_WARN_INT_CONVERSION = YES;
				CLANG_WARN_NON_LITERAL_NULL_CONVERSION = YES;
				CLANG_WARN_OBJC_IMPLICIT_RETAIN_SELF = YES;
				CLANG_WARN_OBJC_LITERAL_CONVERSION = YES;
				CLANG_WARN_OBJC_ROOT_CLASS = YES_ERROR;
				CLANG_WARN_RANGE_LOOP_ANALYSIS = YES;
				CLANG_WARN_STRICT_PROTOTYPES = YES;
				CLANG_WARN_SUSPICIOUS_MOVE = YES;
				CLANG_WARN_UNGUARDED_AVAILABILITY = YES_AGGRESSIVE;
				CLANG_WARN_UNREACHABLE_CODE = YES;
				CLANG_WARN__DUPLICATE_METHOD_MATCH = YES;
				COPY_PHASE_STRIP = NO;
				DEBUG_INFORMATION_FORMAT = "dwarf-with-dsym";
				ENABLE_NS_ASSERTIONS = NO;
				ENABLE_STRICT_OBJC_MSGSEND = YES;
				GCC_C_LANGUAGE_STANDARD = gnu11;
				GCC_NO_COMMON_BLOCKS = YES;
				GCC_WARN_64_TO_32_BIT_CONVERSION = YES;
				GCC_WARN_ABOUT_RETURN_TYPE = YES_ERROR;
				GCC_WARN_UNDECLARED_SELECTOR = YES;
				GCC_WARN_UNINITIALIZED_AUTOS = YES_AGGRESSIVE;
				GCC_WARN_UNUSED_FUNCTION = YES;
				GCC_WARN_UNUSED_VARIABLE = YES;
				MACOSX_DEPLOYMENT_TARGET = 10.14;
				MTL_ENABLE_DEBUG_INFO = NO;
				MTL_FAST_MATH = YES;
				SDKROOT = macosx;
			};
			name = Release;
		};
		ADBDC26C23E943A000D6885D /* Debug */ = {
			isa = XCBuildConfiguration;
			buildSettings = {
				ASSETCATALOG_COMPILER_APPICON_NAME = AppIcon;
				CODE_SIGN_ENTITLEMENTS = HelloPages/HelloPages.entitlements;
				CODE_SIGN_STYLE = Automatic;
				COMBINE_HIDPI_IMAGES = YES;
				DEVELOPMENT_TEAM = DMKWM58522;
				ENABLE_HARDENED_RUNTIME = YES;
				INFOPLIST_FILE = HelloPages/Info.plist;
				LD_RUNPATH_SEARCH_PATHS = (
					"$(inherited)",
					"@executable_path/../Frameworks",
				);
				PRODUCT_BUNDLE_IDENTIFIER = com.git.HelloPages;
				PRODUCT_NAME = "$(TARGET_NAME)";
			};
			name = Debug;
		};
		ADBDC26D23E943A000D6885D /* Release */ = {
			isa = XCBuildConfiguration;
			buildSettings = {
				ASSETCATALOG_COMPILER_APPICON_NAME = AppIcon;
				CODE_SIGN_ENTITLEMENTS = HelloPages/HelloPages.entitlements;
				CODE_SIGN_STYLE = Automatic;
				COMBINE_HIDPI_IMAGES = YES;
				DEVELOPMENT_TEAM = DMKWM58522;
				ENABLE_HARDENED_RUNTIME = YES;
				INFOPLIST_FILE = HelloPages/Info.plist;
				LD_RUNPATH_SEARCH_PATHS = (
					"$(inherited)",
					"@executable_path/../Frameworks",
				);
				PRODUCT_BUNDLE_IDENTIFIER = com.git.HelloPages;
				PRODUCT_NAME = "$(TARGET_NAME)";
			};
			name = Release;
		};
/* End XCBuildConfiguration section */

/* Begin XCConfigurationList section */
		ADBDC25223E9439F00D6885D /* Build configuration list for PBXProject "HelloPages" */ = {
			isa = XCConfigurationList;
			buildConfigurations = (
				ADBDC26923E943A000D6885D /* Debug */,
				ADBDC26A23E943A000D6885D /* Release */,
			);
			defaultConfigurationIsVisible = 0;
			defaultConfigurationName = Release;
		};
		ADBDC26B23E943A000D6885D /* Build configuration list for PBXNativeTarget "HelloPages" */ = {
			isa = XCConfigurationList;
			buildConfigurations = (
				ADBDC26C23E943A000D6885D /* Debug */,
				ADBDC26D23E943A000D6885D /* Release */,
			);
			defaultConfigurationIsVisible = 0;
			defaultConfigurationName = Release;
		};
/* End XCConfigurationList section */
	};
	rootObject = ADBDC24F23E9439F00D6885D /* Project object */;
}
